
Microsoft Visual Studio Solution File, Format Version 12.00
# Visual Studio Version 17
VisualStudioVersion = 17.8.34330.188
MinimumVisualStudioVersion = 10.0.40219.1
Project("{9A19103F-16F7-4668-BE54-9A1E7A4F7556}") = "Task1.1_Console", "Modul_2_Task_1\Task1.1_Console.csproj", "{C24A1999-814D-4CD8-A235-9D2A63CD3D3B}"
EndProject
Project("{2150E333-8FDC-42A3-9474-1A3956D46DE8}") = "Modul-2", "Modul-2", "{775CF8CF-F07A-4EA1-BB2B-3176B295A3B0}"
EndProject
Project("{FAE04EC0-301F-11D3-BF4B-00C04F79EFBC}") = "Task1.2_WinForms", "Modul_2_Task_1.2\Task1.2_WinForms.csproj", "{1AB5C342-F4EA-4941-A618-19DEE32BE433}"
EndProject
Project("{9A19103F-16F7-4668-BE54-9A1E7A4F7556}") = "Task1.3_WPF", "Modul_2_Task_1.3\Task1.3_WPF.csproj", "{07AEF829-DAD3-4A19-BE4A-0F5F5E502122}"
EndProject
Project("{2150E333-8FDC-42A3-9474-1A3956D46DE8}") = "Task2", "Task2", "{306404CA-0AA9-4B60-AF13-40B8F65350F0}"
EndProject
Project("{2150E333-8FDC-42A3-9474-1A3956D46DE8}") = "Task1", "Task1", "{000F68C7-FCC6-49AD-B32E-647D3A11D389}"
EndProject
Project("{9A19103F-16F7-4668-BE54-9A1E7A4F7556}") = "HelloUser_ConsoleApp", "HelloUser_ConsoleApp\HelloUser_ConsoleApp.csproj", "{42788210-A2C5-419C-AFD5-F5FF60311DF2}"
EndProject
Project("{9A19103F-16F7-4668-BE54-9A1E7A4F7556}") = "HelloUser_ClassLibrary", "HelloUser_ClassLibrary\HelloUser_ClassLibrary.csproj", "{4C278E0A-8088-4337-AEC0-BED6C9808576}"
EndProject
Project("{9A19103F-16F7-4668-BE54-9A1E7A4F7556}") = "HelloUser_WPF", "HelloUser_WPF\HelloUser_WPF.csproj", "{CAA54EA9-4EF5-4D78-A7DC-1CD19A46C56C}"
EndProject
Project("{2150E333-8FDC-42A3-9474-1A3956D46DE8}") = "Task3_Extra", "Task3_Extra", "{234971AC-1A95-485A-A807-D0FDB54FA052}"
EndProject
Project("{9A19103F-16F7-4668-BE54-9A1E7A4F7556}") = "HelloUser_MAUI", "HelloUser_MAUI\HelloUser_MAUI.csproj", "{E4191E64-6F5D-4513-9E37-3423E5C95DC2}"
EndProject
Project("{2150E333-8FDC-42A3-9474-1A3956D46DE8}") = "Modul-3", "Modul-3", "{241D3E14-59C9-46B4-ADF4-CAF57EB18130}"
EndProject
Project("{9A19103F-16F7-4668-BE54-9A1E7A4F7556}") = "Task1", "Modul-3\Task1\Task1.csproj", "{B7650A7E-7294-419E-88BF-FC99D2339E88}"
EndProject
Project("{9A19103F-16F7-4668-BE54-9A1E7A4F7556}") = "Task1.Tests", "Modul-3\Task1.Tests\Task1.Tests.csproj", "{D7BFC320-FE83-4D25-8FF1-D2F3F3852F69}"
EndProject
Project("{2150E333-8FDC-42A3-9474-1A3956D46DE8}") = "Modul-4", "Modul-4", "{F8D3EA10-B4AD-4678-9D7E-9368B19D19F5}"
EndProject
Project("{9A19103F-16F7-4668-BE54-9A1E7A4F7556}") = "Modul4.Tasks", "Modul-4\Modul4.Tasks\Modul4.Tasks.csproj", "{3E8458CE-0A34-46B0-9144-EF9656DCCE29}"
EndProject
Project("{9A19103F-16F7-4668-BE54-9A1E7A4F7556}") = "Modul4.Task2vs3", "Modul-4\Modul4.Task2vs3\Modul4.Task2vs3.csproj", "{DAC2A44B-E415-4F15-870C-EC30D269F3DD}"
EndProject
Project("{2150E333-8FDC-42A3-9474-1A3956D46DE8}") = "Modul-5", "Modul-5", "{2F784E9F-0C2E-48B6-A371-681C091FCE93}"
EndProject
Project("{9A19103F-16F7-4668-BE54-9A1E7A4F7556}") = "Modul5.Task1", "Modul-5\Modul5.Task1\Modul5.Task1.csproj", "{01CD9141-8CB3-49B4-9B50-EB6FE5A9E049}"
EndProject
Project("{9A19103F-16F7-4668-BE54-9A1E7A4F7556}") = "Modul5.Task2", "Modul-5\Modul5.Task2\Modul5.Task2.csproj", "{9D6826FD-F241-4874-9366-70E3B46E7D53}"
EndProject
Project("{9A19103F-16F7-4668-BE54-9A1E7A4F7556}") = "Modul5.Task2.Tests", "Modul-5\Modul5.Task2.Tests\Modul5.Task2.Tests.csproj", "{F8403F1C-3658-47BF-A469-80209721C147}"
EndProject
Project("{9A19103F-16F7-4668-BE54-9A1E7A4F7556}") = "Modul5.Task3", "Modul-5\Modul5.Task3\Modul5.Task3.csproj", "{9DF5B678-CBFE-4DD9-80DF-4BB25C9B9D9F}"
EndProject
Project("{9A19103F-16F7-4668-BE54-9A1E7A4F7556}") = "Modul5.Task3.Tests", "Modul-5\Modul5.Task3.Tests\Modul5.Task3.Tests.csproj", "{B953B0F7-9F58-4230-8086-9CC95B1957AF}"
EndProject
Project("{2150E333-8FDC-42A3-9474-1A3956D46DE8}") = "Modul-6", "Modul-6", "{91D79ADD-95A1-4CD4-85F1-3A86F44C28A1}"
EndProject
Project("{9A19103F-16F7-4668-BE54-9A1E7A4F7556}") = "ConfigurationApp1", "Modul-6\ConfigurationApp1\ConfigurationApp1.csproj", "{CBC3D7FC-23FD-437D-8A33-436B00AE6069}"
EndProject
Project("{2150E333-8FDC-42A3-9474-1A3956D46DE8}") = "Modul-7", "Modul-7", "{543E9595-4FB6-4E37-9797-75006686AAEA}"
EndProject
Project("{9A19103F-16F7-4668-BE54-9A1E7A4F7556}") = "Modul7.Tasks", "Modul-7\Modul7.Tasks\Modul7.Tasks.csproj", "{F945D7CE-E992-459E-98A6-1F900B26163E}"
EndProject
Project("{9A19103F-16F7-4668-BE54-9A1E7A4F7556}") = "Modul7.Tasks.Tests", "Modul-7\Modul7.Tasks.Tests\Modul7.Tasks.Tests.csproj", "{A3D1842C-FD2F-42E9-81F7-2BEF3C07CD98}"
EndProject
Project("{2150E333-8FDC-42A3-9474-1A3956D46DE8}") = "Modul-8", "Modul-8", "{C5F6822D-8520-4CE9-9C70-52B1D8DC6CAB}"
EndProject
Project("{9A19103F-16F7-4668-BE54-9A1E7A4F7556}") = "Modul8.FizzBuzz", "Modul-8\Modul8.FizzBuzz\Modul8.FizzBuzz.csproj", "{1E9D3116-FD2E-469B-AA11-A12DBF2421A0}"
EndProject
Project("{9A19103F-16F7-4668-BE54-9A1E7A4F7556}") = "Modul8.FizzBuzz.Test", "Modul-8\Modul8.FizzBuzz.Test\Modul8.FizzBuzz.Test.csproj", "{C4FA67E5-0C47-4BC4-AC8C-A107A5B70323}"
EndProject
Project("{9A19103F-16F7-4668-BE54-9A1E7A4F7556}") = "Modul8.Task.RecentlyUsedList", "Modul-8\Modul8.Task.RecentlyUsedList\Modul8.Task.RecentlyUsedList.csproj", "{359546F7-39EF-4C83-BEAD-1D6DFD105622}"
EndProject
Project("{9A19103F-16F7-4668-BE54-9A1E7A4F7556}") = "Modul8.Task.RecentlyUsedList.Tests", "Modul-8\Modul8.Task.RecentlyUsedList.Tests\Modul8.Task.RecentlyUsedList.Tests.csproj", "{2E65FD30-32D8-4130-A545-5F19DAC1336C}"
EndProject
Project("{9A19103F-16F7-4668-BE54-9A1E7A4F7556}") = "Modul8.Task.StringSum", "Modul-8\Modul8.Task.StringSum\Modul8.Task.StringSum.csproj", "{B4C5C858-4DA5-4E43-B96C-FE8EA8F5F965}"
EndProject
Project("{9A19103F-16F7-4668-BE54-9A1E7A4F7556}") = "Modul8.Task.StringSum.Tests", "Modul-8\Modul8.Task.StringSum.Tests\Modul8.Task.StringSum.Tests.csproj", "{121628FB-0BAB-47FE-86FD-6C0193CF717B}"
EndProject
Project("{2150E333-8FDC-42A3-9474-1A3956D46DE8}") = "Modul-9", "Modul-9", "{A3B61984-3DA9-4773-89AC-70DEE66F68DA}"
EndProject
Project("{00D1A9C2-B5F0-4AF3-8072-F6C62B433612}") = "Modul9.Task1", "Modul-9\Modul9.Task1\Modul9.Task1.sqlproj", "{79E5102A-ACF8-43A9-8B59-A7490D6A3452}"
EndProject
Project("{2150E333-8FDC-42A3-9474-1A3956D46DE8}") = "Modul-11", "Modul-11", "{0731B483-88BC-452E-A464-3B431B698ED2}"
EndProject
Project("{9A19103F-16F7-4668-BE54-9A1E7A4F7556}") = "Modul11.Task1", "Modul-11\Modul11.Task1\Modul11.Task1.csproj", "{9034462D-0CED-4872-9868-BA1A9AB87CB1}"
EndProject
Project("{9A19103F-16F7-4668-BE54-9A1E7A4F7556}") = "Modul11.Task1.BinarySerializationApp", "Modul-11\Modul11.Task1.BinarySerializationApp\Modul11.Task1.BinarySerializationApp.csproj", "{034A6F27-C21F-4916-9497-73AB1A19ECA3}"
EndProject
Project("{9A19103F-16F7-4668-BE54-9A1E7A4F7556}") = "Modul11.Task1.XmlSerializationApp", "Modul-11\Modul11.Task1.XmlSerializationApp\Modul11.Task1.XmlSerializationApp.csproj", "{A7F6C6CD-6975-4F13-B090-B5BC6FFA5003}"
EndProject
Project("{9A19103F-16F7-4668-BE54-9A1E7A4F7556}") = "Modul11.Task1.JsonSerializationApp", "Modul-11\Modul11.Task1.JsonSerializationApp\Modul11.Task1.JsonSerializationApp.csproj", "{CB6660CB-18C3-42BE-B107-638165B47A47}"
EndProject
Project("{9A19103F-16F7-4668-BE54-9A1E7A4F7556}") = "Modul11.Task2", "Modul-11\Modul11.Task2\Modul11.Task2.csproj", "{82661250-CA36-47FA-804E-0EF235A0E268}"
EndProject
Project("{2150E333-8FDC-42A3-9474-1A3956D46DE8}") = "Modul-12", "Modul-12", "{BD2B8C1F-E2B8-4862-A7DD-465BB005C9EC}"
EndProject
Project("{9A19103F-16F7-4668-BE54-9A1E7A4F7556}") = "Modul12.Task", "Modul-12\Modul12.Task\Modul12.Task.csproj", "{C04B1B9E-A793-4747-AF0B-16B0D6D50203}"
EndProject
Project("{2150E333-8FDC-42A3-9474-1A3956D46DE8}") = "Modul-13", "Modul-13", "{D44E2F90-A3AD-47E6-B2D1-3F2BD13F8430}"
EndProject
Project("{2150E333-8FDC-42A3-9474-1A3956D46DE8}") = "Modul-14", "Modul-14", "{1D8C4220-258B-48B3-81D5-28042A60B2B3}"
EndProject
Project("{9A19103F-16F7-4668-BE54-9A1E7A4F7556}") = "Modul14.AdoNet.ProductOrder", "Modul-14\Modul14.AdoNet.ProductOrder\Modul14.AdoNet.ProductOrder.csproj", "{640D8969-BCA3-4A14-85EF-8B9C447ECFDA}"
EndProject
Project("{9A19103F-16F7-4668-BE54-9A1E7A4F7556}") = "Modul14.AdoNet.ProductOrder.Test", "Modul-14\Modul14.AdoNet.ProductOrder.Test\Modul14.AdoNet.ProductOrder.Test.csproj", "{269FAB6D-FD32-4699-BD4F-D0C72EC54FBB}"
EndProject
Project("{2150E333-8FDC-42A3-9474-1A3956D46DE8}") = "Modul-15", "Modul-15", "{D191B330-8D6B-4D31-AB7C-94A47E3CB33E}"
EndProject
Project("{FAE04EC0-301F-11D3-BF4B-00C04F79EFBC}") = "Modul15.ProductOrder.EF", "Modul-15\Modul15.ProductOrder.EF\Modul15.ProductOrder.EF.csproj", "{1C1BF25D-1A7A-419B-8612-6E35842296A4}"
EndProject
Project("{FAE04EC0-301F-11D3-BF4B-00C04F79EFBC}") = "Modul15.ProductOrder.Ef.API", "Modul-15\Modul15.ProductOrder.Ef.API\Modul15.ProductOrder.Ef.API.csproj", "{E1FB649D-9B21-4E8B-BF43-F153C4640E78}"
EndProject
Global
	GlobalSection(SolutionConfigurationPlatforms) = preSolution
		Debug|Any CPU = Debug|Any CPU
		Release|Any CPU = Release|Any CPU
	EndGlobalSection
	GlobalSection(ProjectConfigurationPlatforms) = postSolution
		{C24A1999-814D-4CD8-A235-9D2A63CD3D3B}.Debug|Any CPU.ActiveCfg = Debug|Any CPU
		{C24A1999-814D-4CD8-A235-9D2A63CD3D3B}.Debug|Any CPU.Build.0 = Debug|Any CPU
		{C24A1999-814D-4CD8-A235-9D2A63CD3D3B}.Release|Any CPU.ActiveCfg = Release|Any CPU
		{C24A1999-814D-4CD8-A235-9D2A63CD3D3B}.Release|Any CPU.Build.0 = Release|Any CPU
		{1AB5C342-F4EA-4941-A618-19DEE32BE433}.Debug|Any CPU.ActiveCfg = Debug|Any CPU
		{1AB5C342-F4EA-4941-A618-19DEE32BE433}.Debug|Any CPU.Build.0 = Debug|Any CPU
		{1AB5C342-F4EA-4941-A618-19DEE32BE433}.Release|Any CPU.ActiveCfg = Release|Any CPU
		{1AB5C342-F4EA-4941-A618-19DEE32BE433}.Release|Any CPU.Build.0 = Release|Any CPU
		{07AEF829-DAD3-4A19-BE4A-0F5F5E502122}.Debug|Any CPU.ActiveCfg = Debug|Any CPU
		{07AEF829-DAD3-4A19-BE4A-0F5F5E502122}.Debug|Any CPU.Build.0 = Debug|Any CPU
		{07AEF829-DAD3-4A19-BE4A-0F5F5E502122}.Release|Any CPU.ActiveCfg = Release|Any CPU
		{07AEF829-DAD3-4A19-BE4A-0F5F5E502122}.Release|Any CPU.Build.0 = Release|Any CPU
		{42788210-A2C5-419C-AFD5-F5FF60311DF2}.Debug|Any CPU.ActiveCfg = Debug|Any CPU
		{42788210-A2C5-419C-AFD5-F5FF60311DF2}.Debug|Any CPU.Build.0 = Debug|Any CPU
		{42788210-A2C5-419C-AFD5-F5FF60311DF2}.Release|Any CPU.ActiveCfg = Release|Any CPU
		{42788210-A2C5-419C-AFD5-F5FF60311DF2}.Release|Any CPU.Build.0 = Release|Any CPU
		{4C278E0A-8088-4337-AEC0-BED6C9808576}.Debug|Any CPU.ActiveCfg = Debug|Any CPU
		{4C278E0A-8088-4337-AEC0-BED6C9808576}.Debug|Any CPU.Build.0 = Debug|Any CPU
		{4C278E0A-8088-4337-AEC0-BED6C9808576}.Release|Any CPU.ActiveCfg = Release|Any CPU
		{4C278E0A-8088-4337-AEC0-BED6C9808576}.Release|Any CPU.Build.0 = Release|Any CPU
		{CAA54EA9-4EF5-4D78-A7DC-1CD19A46C56C}.Debug|Any CPU.ActiveCfg = Debug|Any CPU
		{CAA54EA9-4EF5-4D78-A7DC-1CD19A46C56C}.Debug|Any CPU.Build.0 = Debug|Any CPU
		{CAA54EA9-4EF5-4D78-A7DC-1CD19A46C56C}.Release|Any CPU.ActiveCfg = Release|Any CPU
		{CAA54EA9-4EF5-4D78-A7DC-1CD19A46C56C}.Release|Any CPU.Build.0 = Release|Any CPU
		{E4191E64-6F5D-4513-9E37-3423E5C95DC2}.Debug|Any CPU.ActiveCfg = Debug|Any CPU
		{E4191E64-6F5D-4513-9E37-3423E5C95DC2}.Debug|Any CPU.Build.0 = Debug|Any CPU
		{E4191E64-6F5D-4513-9E37-3423E5C95DC2}.Debug|Any CPU.Deploy.0 = Debug|Any CPU
		{E4191E64-6F5D-4513-9E37-3423E5C95DC2}.Release|Any CPU.ActiveCfg = Release|Any CPU
		{E4191E64-6F5D-4513-9E37-3423E5C95DC2}.Release|Any CPU.Build.0 = Release|Any CPU
		{E4191E64-6F5D-4513-9E37-3423E5C95DC2}.Release|Any CPU.Deploy.0 = Release|Any CPU
		{B7650A7E-7294-419E-88BF-FC99D2339E88}.Debug|Any CPU.ActiveCfg = Debug|Any CPU
		{B7650A7E-7294-419E-88BF-FC99D2339E88}.Debug|Any CPU.Build.0 = Debug|Any CPU
		{B7650A7E-7294-419E-88BF-FC99D2339E88}.Release|Any CPU.ActiveCfg = Release|Any CPU
		{B7650A7E-7294-419E-88BF-FC99D2339E88}.Release|Any CPU.Build.0 = Release|Any CPU
		{D7BFC320-FE83-4D25-8FF1-D2F3F3852F69}.Debug|Any CPU.ActiveCfg = Debug|Any CPU
		{D7BFC320-FE83-4D25-8FF1-D2F3F3852F69}.Debug|Any CPU.Build.0 = Debug|Any CPU
		{D7BFC320-FE83-4D25-8FF1-D2F3F3852F69}.Release|Any CPU.ActiveCfg = Release|Any CPU
		{D7BFC320-FE83-4D25-8FF1-D2F3F3852F69}.Release|Any CPU.Build.0 = Release|Any CPU
		{3E8458CE-0A34-46B0-9144-EF9656DCCE29}.Debug|Any CPU.ActiveCfg = Debug|Any CPU
		{3E8458CE-0A34-46B0-9144-EF9656DCCE29}.Debug|Any CPU.Build.0 = Debug|Any CPU
		{3E8458CE-0A34-46B0-9144-EF9656DCCE29}.Release|Any CPU.ActiveCfg = Release|Any CPU
		{3E8458CE-0A34-46B0-9144-EF9656DCCE29}.Release|Any CPU.Build.0 = Release|Any CPU
		{DAC2A44B-E415-4F15-870C-EC30D269F3DD}.Debug|Any CPU.ActiveCfg = Debug|Any CPU
		{DAC2A44B-E415-4F15-870C-EC30D269F3DD}.Debug|Any CPU.Build.0 = Debug|Any CPU
		{DAC2A44B-E415-4F15-870C-EC30D269F3DD}.Release|Any CPU.ActiveCfg = Release|Any CPU
		{DAC2A44B-E415-4F15-870C-EC30D269F3DD}.Release|Any CPU.Build.0 = Release|Any CPU
		{01CD9141-8CB3-49B4-9B50-EB6FE5A9E049}.Debug|Any CPU.ActiveCfg = Debug|Any CPU
		{01CD9141-8CB3-49B4-9B50-EB6FE5A9E049}.Debug|Any CPU.Build.0 = Debug|Any CPU
		{01CD9141-8CB3-49B4-9B50-EB6FE5A9E049}.Release|Any CPU.ActiveCfg = Release|Any CPU
		{01CD9141-8CB3-49B4-9B50-EB6FE5A9E049}.Release|Any CPU.Build.0 = Release|Any CPU
		{9D6826FD-F241-4874-9366-70E3B46E7D53}.Debug|Any CPU.ActiveCfg = Debug|Any CPU
		{9D6826FD-F241-4874-9366-70E3B46E7D53}.Debug|Any CPU.Build.0 = Debug|Any CPU
		{9D6826FD-F241-4874-9366-70E3B46E7D53}.Release|Any CPU.ActiveCfg = Release|Any CPU
		{9D6826FD-F241-4874-9366-70E3B46E7D53}.Release|Any CPU.Build.0 = Release|Any CPU
		{F8403F1C-3658-47BF-A469-80209721C147}.Debug|Any CPU.ActiveCfg = Debug|Any CPU
		{F8403F1C-3658-47BF-A469-80209721C147}.Debug|Any CPU.Build.0 = Debug|Any CPU
		{F8403F1C-3658-47BF-A469-80209721C147}.Release|Any CPU.ActiveCfg = Release|Any CPU
		{F8403F1C-3658-47BF-A469-80209721C147}.Release|Any CPU.Build.0 = Release|Any CPU
		{9DF5B678-CBFE-4DD9-80DF-4BB25C9B9D9F}.Debug|Any CPU.ActiveCfg = Debug|Any CPU
		{9DF5B678-CBFE-4DD9-80DF-4BB25C9B9D9F}.Debug|Any CPU.Build.0 = Debug|Any CPU
		{9DF5B678-CBFE-4DD9-80DF-4BB25C9B9D9F}.Release|Any CPU.ActiveCfg = Release|Any CPU
		{9DF5B678-CBFE-4DD9-80DF-4BB25C9B9D9F}.Release|Any CPU.Build.0 = Release|Any CPU
		{B953B0F7-9F58-4230-8086-9CC95B1957AF}.Debug|Any CPU.ActiveCfg = Debug|Any CPU
		{B953B0F7-9F58-4230-8086-9CC95B1957AF}.Debug|Any CPU.Build.0 = Debug|Any CPU
		{B953B0F7-9F58-4230-8086-9CC95B1957AF}.Release|Any CPU.ActiveCfg = Release|Any CPU
		{B953B0F7-9F58-4230-8086-9CC95B1957AF}.Release|Any CPU.Build.0 = Release|Any CPU
		{CBC3D7FC-23FD-437D-8A33-436B00AE6069}.Debug|Any CPU.ActiveCfg = Debug|Any CPU
		{CBC3D7FC-23FD-437D-8A33-436B00AE6069}.Debug|Any CPU.Build.0 = Debug|Any CPU
		{CBC3D7FC-23FD-437D-8A33-436B00AE6069}.Release|Any CPU.ActiveCfg = Release|Any CPU
		{CBC3D7FC-23FD-437D-8A33-436B00AE6069}.Release|Any CPU.Build.0 = Release|Any CPU
		{F945D7CE-E992-459E-98A6-1F900B26163E}.Debug|Any CPU.ActiveCfg = Debug|Any CPU
		{F945D7CE-E992-459E-98A6-1F900B26163E}.Debug|Any CPU.Build.0 = Debug|Any CPU
		{F945D7CE-E992-459E-98A6-1F900B26163E}.Release|Any CPU.ActiveCfg = Release|Any CPU
		{F945D7CE-E992-459E-98A6-1F900B26163E}.Release|Any CPU.Build.0 = Release|Any CPU
		{A3D1842C-FD2F-42E9-81F7-2BEF3C07CD98}.Debug|Any CPU.ActiveCfg = Debug|Any CPU
		{A3D1842C-FD2F-42E9-81F7-2BEF3C07CD98}.Debug|Any CPU.Build.0 = Debug|Any CPU
		{A3D1842C-FD2F-42E9-81F7-2BEF3C07CD98}.Release|Any CPU.ActiveCfg = Release|Any CPU
		{A3D1842C-FD2F-42E9-81F7-2BEF3C07CD98}.Release|Any CPU.Build.0 = Release|Any CPU
		{1E9D3116-FD2E-469B-AA11-A12DBF2421A0}.Debug|Any CPU.ActiveCfg = Debug|Any CPU
		{1E9D3116-FD2E-469B-AA11-A12DBF2421A0}.Debug|Any CPU.Build.0 = Debug|Any CPU
		{1E9D3116-FD2E-469B-AA11-A12DBF2421A0}.Release|Any CPU.ActiveCfg = Release|Any CPU
		{1E9D3116-FD2E-469B-AA11-A12DBF2421A0}.Release|Any CPU.Build.0 = Release|Any CPU
		{C4FA67E5-0C47-4BC4-AC8C-A107A5B70323}.Debug|Any CPU.ActiveCfg = Debug|Any CPU
		{C4FA67E5-0C47-4BC4-AC8C-A107A5B70323}.Debug|Any CPU.Build.0 = Debug|Any CPU
		{C4FA67E5-0C47-4BC4-AC8C-A107A5B70323}.Release|Any CPU.ActiveCfg = Release|Any CPU
		{C4FA67E5-0C47-4BC4-AC8C-A107A5B70323}.Release|Any CPU.Build.0 = Release|Any CPU
		{359546F7-39EF-4C83-BEAD-1D6DFD105622}.Debug|Any CPU.ActiveCfg = Debug|Any CPU
		{359546F7-39EF-4C83-BEAD-1D6DFD105622}.Debug|Any CPU.Build.0 = Debug|Any CPU
		{359546F7-39EF-4C83-BEAD-1D6DFD105622}.Release|Any CPU.ActiveCfg = Release|Any CPU
		{359546F7-39EF-4C83-BEAD-1D6DFD105622}.Release|Any CPU.Build.0 = Release|Any CPU
		{2E65FD30-32D8-4130-A545-5F19DAC1336C}.Debug|Any CPU.ActiveCfg = Debug|Any CPU
		{2E65FD30-32D8-4130-A545-5F19DAC1336C}.Debug|Any CPU.Build.0 = Debug|Any CPU
		{2E65FD30-32D8-4130-A545-5F19DAC1336C}.Release|Any CPU.ActiveCfg = Release|Any CPU
		{2E65FD30-32D8-4130-A545-5F19DAC1336C}.Release|Any CPU.Build.0 = Release|Any CPU
		{B4C5C858-4DA5-4E43-B96C-FE8EA8F5F965}.Debug|Any CPU.ActiveCfg = Debug|Any CPU
		{B4C5C858-4DA5-4E43-B96C-FE8EA8F5F965}.Debug|Any CPU.Build.0 = Debug|Any CPU
		{B4C5C858-4DA5-4E43-B96C-FE8EA8F5F965}.Release|Any CPU.ActiveCfg = Release|Any CPU
		{B4C5C858-4DA5-4E43-B96C-FE8EA8F5F965}.Release|Any CPU.Build.0 = Release|Any CPU
		{121628FB-0BAB-47FE-86FD-6C0193CF717B}.Debug|Any CPU.ActiveCfg = Debug|Any CPU
		{121628FB-0BAB-47FE-86FD-6C0193CF717B}.Debug|Any CPU.Build.0 = Debug|Any CPU
		{121628FB-0BAB-47FE-86FD-6C0193CF717B}.Release|Any CPU.ActiveCfg = Release|Any CPU
		{121628FB-0BAB-47FE-86FD-6C0193CF717B}.Release|Any CPU.Build.0 = Release|Any CPU
		{79E5102A-ACF8-43A9-8B59-A7490D6A3452}.Debug|Any CPU.ActiveCfg = Debug|Any CPU
		{79E5102A-ACF8-43A9-8B59-A7490D6A3452}.Debug|Any CPU.Build.0 = Debug|Any CPU
		{79E5102A-ACF8-43A9-8B59-A7490D6A3452}.Debug|Any CPU.Deploy.0 = Debug|Any CPU
		{79E5102A-ACF8-43A9-8B59-A7490D6A3452}.Release|Any CPU.ActiveCfg = Release|Any CPU
		{79E5102A-ACF8-43A9-8B59-A7490D6A3452}.Release|Any CPU.Build.0 = Release|Any CPU
		{79E5102A-ACF8-43A9-8B59-A7490D6A3452}.Release|Any CPU.Deploy.0 = Release|Any CPU
		{9034462D-0CED-4872-9868-BA1A9AB87CB1}.Debug|Any CPU.ActiveCfg = Debug|Any CPU
		{9034462D-0CED-4872-9868-BA1A9AB87CB1}.Debug|Any CPU.Build.0 = Debug|Any CPU
		{9034462D-0CED-4872-9868-BA1A9AB87CB1}.Release|Any CPU.ActiveCfg = Release|Any CPU
		{9034462D-0CED-4872-9868-BA1A9AB87CB1}.Release|Any CPU.Build.0 = Release|Any CPU
		{034A6F27-C21F-4916-9497-73AB1A19ECA3}.Debug|Any CPU.ActiveCfg = Debug|Any CPU
		{034A6F27-C21F-4916-9497-73AB1A19ECA3}.Debug|Any CPU.Build.0 = Debug|Any CPU
		{034A6F27-C21F-4916-9497-73AB1A19ECA3}.Release|Any CPU.ActiveCfg = Release|Any CPU
		{034A6F27-C21F-4916-9497-73AB1A19ECA3}.Release|Any CPU.Build.0 = Release|Any CPU
		{A7F6C6CD-6975-4F13-B090-B5BC6FFA5003}.Debug|Any CPU.ActiveCfg = Debug|Any CPU
		{A7F6C6CD-6975-4F13-B090-B5BC6FFA5003}.Debug|Any CPU.Build.0 = Debug|Any CPU
		{A7F6C6CD-6975-4F13-B090-B5BC6FFA5003}.Release|Any CPU.ActiveCfg = Release|Any CPU
		{A7F6C6CD-6975-4F13-B090-B5BC6FFA5003}.Release|Any CPU.Build.0 = Release|Any CPU
		{CB6660CB-18C3-42BE-B107-638165B47A47}.Debug|Any CPU.ActiveCfg = Debug|Any CPU
		{CB6660CB-18C3-42BE-B107-638165B47A47}.Debug|Any CPU.Build.0 = Debug|Any CPU
		{CB6660CB-18C3-42BE-B107-638165B47A47}.Release|Any CPU.ActiveCfg = Release|Any CPU
		{CB6660CB-18C3-42BE-B107-638165B47A47}.Release|Any CPU.Build.0 = Release|Any CPU
		{82661250-CA36-47FA-804E-0EF235A0E268}.Debug|Any CPU.ActiveCfg = Debug|Any CPU
		{82661250-CA36-47FA-804E-0EF235A0E268}.Debug|Any CPU.Build.0 = Debug|Any CPU
		{82661250-CA36-47FA-804E-0EF235A0E268}.Release|Any CPU.ActiveCfg = Release|Any CPU
		{82661250-CA36-47FA-804E-0EF235A0E268}.Release|Any CPU.Build.0 = Release|Any CPU
		{C04B1B9E-A793-4747-AF0B-16B0D6D50203}.Debug|Any CPU.ActiveCfg = Debug|Any CPU
		{C04B1B9E-A793-4747-AF0B-16B0D6D50203}.Debug|Any CPU.Build.0 = Debug|Any CPU
		{C04B1B9E-A793-4747-AF0B-16B0D6D50203}.Release|Any CPU.ActiveCfg = Release|Any CPU
		{C04B1B9E-A793-4747-AF0B-16B0D6D50203}.Release|Any CPU.Build.0 = Release|Any CPU
		{640D8969-BCA3-4A14-85EF-8B9C447ECFDA}.Debug|Any CPU.ActiveCfg = Debug|Any CPU
		{640D8969-BCA3-4A14-85EF-8B9C447ECFDA}.Debug|Any CPU.Build.0 = Debug|Any CPU
		{640D8969-BCA3-4A14-85EF-8B9C447ECFDA}.Release|Any CPU.ActiveCfg = Release|Any CPU
		{640D8969-BCA3-4A14-85EF-8B9C447ECFDA}.Release|Any CPU.Build.0 = Release|Any CPU
		{269FAB6D-FD32-4699-BD4F-D0C72EC54FBB}.Debug|Any CPU.ActiveCfg = Debug|Any CPU
		{269FAB6D-FD32-4699-BD4F-D0C72EC54FBB}.Debug|Any CPU.Build.0 = Debug|Any CPU
		{269FAB6D-FD32-4699-BD4F-D0C72EC54FBB}.Release|Any CPU.ActiveCfg = Release|Any CPU
		{269FAB6D-FD32-4699-BD4F-D0C72EC54FBB}.Release|Any CPU.Build.0 = Release|Any CPU
		{1C1BF25D-1A7A-419B-8612-6E35842296A4}.Debug|Any CPU.ActiveCfg = Debug|Any CPU
		{1C1BF25D-1A7A-419B-8612-6E35842296A4}.Debug|Any CPU.Build.0 = Debug|Any CPU
		{1C1BF25D-1A7A-419B-8612-6E35842296A4}.Release|Any CPU.ActiveCfg = Release|Any CPU
		{1C1BF25D-1A7A-419B-8612-6E35842296A4}.Release|Any CPU.Build.0 = Release|Any CPU
		{E1FB649D-9B21-4E8B-BF43-F153C4640E78}.Debug|Any CPU.ActiveCfg = Debug|Any CPU
		{E1FB649D-9B21-4E8B-BF43-F153C4640E78}.Debug|Any CPU.Build.0 = Debug|Any CPU
		{E1FB649D-9B21-4E8B-BF43-F153C4640E78}.Release|Any CPU.ActiveCfg = Release|Any CPU
		{E1FB649D-9B21-4E8B-BF43-F153C4640E78}.Release|Any CPU.Build.0 = Release|Any CPU
	EndGlobalSection
	GlobalSection(SolutionProperties) = preSolution
		HideSolutionNode = FALSE
	EndGlobalSection
	GlobalSection(NestedProjects) = preSolution
		{C24A1999-814D-4CD8-A235-9D2A63CD3D3B} = {000F68C7-FCC6-49AD-B32E-647D3A11D389}
		{1AB5C342-F4EA-4941-A618-19DEE32BE433} = {000F68C7-FCC6-49AD-B32E-647D3A11D389}
		{07AEF829-DAD3-4A19-BE4A-0F5F5E502122} = {000F68C7-FCC6-49AD-B32E-647D3A11D389}
		{306404CA-0AA9-4B60-AF13-40B8F65350F0} = {775CF8CF-F07A-4EA1-BB2B-3176B295A3B0}
		{000F68C7-FCC6-49AD-B32E-647D3A11D389} = {775CF8CF-F07A-4EA1-BB2B-3176B295A3B0}
		{42788210-A2C5-419C-AFD5-F5FF60311DF2} = {306404CA-0AA9-4B60-AF13-40B8F65350F0}
		{4C278E0A-8088-4337-AEC0-BED6C9808576} = {306404CA-0AA9-4B60-AF13-40B8F65350F0}
		{CAA54EA9-4EF5-4D78-A7DC-1CD19A46C56C} = {306404CA-0AA9-4B60-AF13-40B8F65350F0}
		{234971AC-1A95-485A-A807-D0FDB54FA052} = {775CF8CF-F07A-4EA1-BB2B-3176B295A3B0}
		{E4191E64-6F5D-4513-9E37-3423E5C95DC2} = {234971AC-1A95-485A-A807-D0FDB54FA052}
		{B7650A7E-7294-419E-88BF-FC99D2339E88} = {241D3E14-59C9-46B4-ADF4-CAF57EB18130}
		{D7BFC320-FE83-4D25-8FF1-D2F3F3852F69} = {241D3E14-59C9-46B4-ADF4-CAF57EB18130}
		{3E8458CE-0A34-46B0-9144-EF9656DCCE29} = {F8D3EA10-B4AD-4678-9D7E-9368B19D19F5}
		{DAC2A44B-E415-4F15-870C-EC30D269F3DD} = {F8D3EA10-B4AD-4678-9D7E-9368B19D19F5}
		{01CD9141-8CB3-49B4-9B50-EB6FE5A9E049} = {2F784E9F-0C2E-48B6-A371-681C091FCE93}
		{9D6826FD-F241-4874-9366-70E3B46E7D53} = {2F784E9F-0C2E-48B6-A371-681C091FCE93}
		{F8403F1C-3658-47BF-A469-80209721C147} = {2F784E9F-0C2E-48B6-A371-681C091FCE93}
		{9DF5B678-CBFE-4DD9-80DF-4BB25C9B9D9F} = {2F784E9F-0C2E-48B6-A371-681C091FCE93}
		{B953B0F7-9F58-4230-8086-9CC95B1957AF} = {2F784E9F-0C2E-48B6-A371-681C091FCE93}
		{CBC3D7FC-23FD-437D-8A33-436B00AE6069} = {91D79ADD-95A1-4CD4-85F1-3A86F44C28A1}
		{F945D7CE-E992-459E-98A6-1F900B26163E} = {543E9595-4FB6-4E37-9797-75006686AAEA}
		{A3D1842C-FD2F-42E9-81F7-2BEF3C07CD98} = {543E9595-4FB6-4E37-9797-75006686AAEA}
		{1E9D3116-FD2E-469B-AA11-A12DBF2421A0} = {C5F6822D-8520-4CE9-9C70-52B1D8DC6CAB}
		{C4FA67E5-0C47-4BC4-AC8C-A107A5B70323} = {C5F6822D-8520-4CE9-9C70-52B1D8DC6CAB}
		{359546F7-39EF-4C83-BEAD-1D6DFD105622} = {C5F6822D-8520-4CE9-9C70-52B1D8DC6CAB}
		{2E65FD30-32D8-4130-A545-5F19DAC1336C} = {C5F6822D-8520-4CE9-9C70-52B1D8DC6CAB}
		{B4C5C858-4DA5-4E43-B96C-FE8EA8F5F965} = {C5F6822D-8520-4CE9-9C70-52B1D8DC6CAB}
		{121628FB-0BAB-47FE-86FD-6C0193CF717B} = {C5F6822D-8520-4CE9-9C70-52B1D8DC6CAB}
		{79E5102A-ACF8-43A9-8B59-A7490D6A3452} = {A3B61984-3DA9-4773-89AC-70DEE66F68DA}
		{9034462D-0CED-4872-9868-BA1A9AB87CB1} = {0731B483-88BC-452E-A464-3B431B698ED2}
		{034A6F27-C21F-4916-9497-73AB1A19ECA3} = {0731B483-88BC-452E-A464-3B431B698ED2}
		{A7F6C6CD-6975-4F13-B090-B5BC6FFA5003} = {0731B483-88BC-452E-A464-3B431B698ED2}
		{CB6660CB-18C3-42BE-B107-638165B47A47} = {0731B483-88BC-452E-A464-3B431B698ED2}
		{82661250-CA36-47FA-804E-0EF235A0E268} = {0731B483-88BC-452E-A464-3B431B698ED2}
		{C04B1B9E-A793-4747-AF0B-16B0D6D50203} = {BD2B8C1F-E2B8-4862-A7DD-465BB005C9EC}
		{640D8969-BCA3-4A14-85EF-8B9C447ECFDA} = {1D8C4220-258B-48B3-81D5-28042A60B2B3}
		{269FAB6D-FD32-4699-BD4F-D0C72EC54FBB} = {1D8C4220-258B-48B3-81D5-28042A60B2B3}
		{1C1BF25D-1A7A-419B-8612-6E35842296A4} = {D191B330-8D6B-4D31-AB7C-94A47E3CB33E}
		{E1FB649D-9B21-4E8B-BF43-F153C4640E78} = {D191B330-8D6B-4D31-AB7C-94A47E3CB33E}
	EndGlobalSection
	GlobalSection(ExtensibilityGlobals) = postSolution
		SolutionGuid = {A3538DF8-2A65-4845-9D80-87C2FC8ED1E9}
	EndGlobalSection
EndGlobal
